// !$*UTF8*$!
{
	archiveVersion = 1;
	classes = {
	};
	objectVersion = 46;
	objects = {

/* Begin PBXBuildFile section */
		591F70421E87C24F003AFCBF /* AppDelegate.swift in Sources */ = {isa = PBXBuildFile; fileRef = 591F70411E87C24F003AFCBF /* AppDelegate.swift */; };
		591F70441E87C24F003AFCBF /* TasksViewController.swift in Sources */ = {isa = PBXBuildFile; fileRef = 591F70431E87C24F003AFCBF /* TasksViewController.swift */; };
		591F70471E87C250003AFCBF /* Main.storyboard in Resources */ = {isa = PBXBuildFile; fileRef = 591F70451E87C250003AFCBF /* Main.storyboard */; };
		591F704A1E87C250003AFCBF /* Just_Do_It.xcdatamodeld in Sources */ = {isa = PBXBuildFile; fileRef = 591F70481E87C250003AFCBF /* Just_Do_It.xcdatamodeld */; };
		591F704C1E87C250003AFCBF /* Assets.xcassets in Resources */ = {isa = PBXBuildFile; fileRef = 591F704B1E87C250003AFCBF /* Assets.xcassets */; };
		591F704F1E87C250003AFCBF /* LaunchScreen.storyboard in Resources */ = {isa = PBXBuildFile; fileRef = 591F704D1E87C250003AFCBF /* LaunchScreen.storyboard */; };
		591F70571E87C89B003AFCBF /* Task.swift in Sources */ = {isa = PBXBuildFile; fileRef = 591F70561E87C89B003AFCBF /* Task.swift */; };
		59B63EB41E87D5C200A4F3A8 /* CreateTaskViewController.swift in Sources */ = {isa = PBXBuildFile; fileRef = 59B63EB31E87D5C200A4F3A8 /* CreateTaskViewController.swift */; };
		59C649271EAA17BB00E99D2D /* CompleteTaskViewController.swift in Sources */ = {isa = PBXBuildFile; fileRef = 59C649261EAA17BB00E99D2D /* CompleteTaskViewController.swift */; };
/* End PBXBuildFile section */

/* Begin PBXFileReference section */
		591F703E1E87C24F003AFCBF /* Just Do It.app */ = {isa = PBXFileReference; explicitFileType = wrapper.application; includeInIndex = 0; path = "Just Do It.app"; sourceTree = BUILT_PRODUCTS_DIR; };
		591F70411E87C24F003AFCBF /* AppDelegate.swift */ = {isa = PBXFileReference; lastKnownFileType = sourcecode.swift; path = AppDelegate.swift; sourceTree = "<group>"; };
		591F70431E87C24F003AFCBF /* TasksViewController.swift */ = {isa = PBXFileReference; lastKnownFileType = sourcecode.swift; path = TasksViewController.swift; sourceTree = "<group>"; };
		591F70461E87C250003AFCBF /* Base */ = {isa = PBXFileReference; lastKnownFileType = file.storyboard; name = Base; path = Base.lproj/Main.storyboard; sourceTree = "<group>"; };
		591F70491E87C250003AFCBF /* Just_Do_It.xcdatamodel */ = {isa = PBXFileReference; lastKnownFileType = wrapper.xcdatamodel; path = Just_Do_It.xcdatamodel; sourceTree = "<group>"; };
		591F704B1E87C250003AFCBF /* Assets.xcassets */ = {isa = PBXFileReference; lastKnownFileType = folder.assetcatalog; path = Assets.xcassets; sourceTree = "<group>"; };
		591F704E1E87C250003AFCBF /* Base */ = {isa = PBXFileReference; lastKnownFileType = file.storyboard; name = Base; path = Base.lproj/LaunchScreen.storyboard; sourceTree = "<group>"; };
		591F70501E87C250003AFCBF /* Info.plist */ = {isa = PBXFileReference; lastKnownFileType = text.plist.xml; path = Info.plist; sourceTree = "<group>"; };
		591F70561E87C89B003AFCBF /* Task.swift */ = {isa = PBXFileReference; fileEncoding = 4; lastKnownFileType = sourcecode.swift; path = Task.swift; sourceTree = "<group>"; };
		59B63EB31E87D5C200A4F3A8 /* CreateTaskViewController.swift */ = {isa = PBXFileReference; fileEncoding = 4; lastKnownFileType = sourcecode.swift; path = CreateTaskViewController.swift; sourceTree = "<group>"; };
		59C649261EAA17BB00E99D2D /* CompleteTaskViewController.swift */ = {isa = PBXFileReference; fileEncoding = 4; lastKnownFileType = sourcecode.swift; path = CompleteTaskViewController.swift; sourceTree = "<group>"; };
/* End PBXFileReference section */

/* Begin PBXFrameworksBuildPhase section */
		591F703B1E87C24F003AFCBF /* Frameworks */ = {
			isa = PBXFrameworksBuildPhase;
			buildActionMask = 2147483647;
			files = (
			);
			runOnlyForDeploymentPostprocessing = 0;
		};
/* End PBXFrameworksBuildPhase section */

/* Begin PBXGroup section */
		591F70351E87C24F003AFCBF = {
			isa = PBXGroup;
			children = (
				591F70401E87C24F003AFCBF /* Just Do It */,
				591F703F1E87C24F003AFCBF /* Products */,
			);
			sourceTree = "<group>";
		};
		591F703F1E87C24F003AFCBF /* Products */ = {
			isa = PBXGroup;
			children = (
				591F703E1E87C24F003AFCBF /* Just Do It.app */,
			);
			name = Products;
			sourceTree = "<group>";
		};
		591F70401E87C24F003AFCBF /* Just Do It */ = {
			isa = PBXGroup;
			children = (
				591F70411E87C24F003AFCBF /* AppDelegate.swift */,
				591F70431E87C24F003AFCBF /* TasksViewController.swift */,
				591F70451E87C250003AFCBF /* Main.storyboard */,
				59C649261EAA17BB00E99D2D /* CompleteTaskViewController.swift */,
				59B63EB31E87D5C200A4F3A8 /* CreateTaskViewController.swift */,
				591F70561E87C89B003AFCBF /* Task.swift */,
				591F704B1E87C250003AFCBF /* Assets.xcassets */,
				591F704D1E87C250003AFCBF /* LaunchScreen.storyboard */,
				591F70501E87C250003AFCBF /* Info.plist */,
				591F70481E87C250003AFCBF /* Just_Do_It.xcdatamodeld */,
			);
			path = "Just Do It";
			sourceTree = "<group>";
		};
/* End PBXGroup section */

/* Begin PBXNativeTarget section */
		591F703D1E87C24F003AFCBF /* Just Do It */ = {
			isa = PBXNativeTarget;
			buildConfigurationList = 591F70531E87C250003AFCBF /* Build configuration list for PBXNativeTarget "Just Do It" */;
			buildPhases = (
				591F703A1E87C24F003AFCBF /* Sources */,
				591F703B1E87C24F003AFCBF /* Frameworks */,
				591F703C1E87C24F003AFCBF /* Resources */,
			);
			buildRules = (
			);
			dependencies = (
			);
			name = "Just Do It";
			productName = "Just Do It";
			productReference = 591F703E1E87C24F003AFCBF /* Just Do It.app */;
			productType = "com.apple.product-type.application";
		};
/* End PBXNativeTarget section */

/* Begin PBXProject section */
		591F70361E87C24F003AFCBF /* Project object */ = {
			isa = PBXProject;
			attributes = {
				LastSwiftUpdateCheck = 0820;
				LastUpgradeCheck = 0820;
				ORGANIZATIONNAME = Zed;
				TargetAttributes = {
					591F703D1E87C24F003AFCBF = {
						CreatedOnToolsVersion = 8.2.1;
						DevelopmentTeam = 5KDB6SE87S;
						ProvisioningStyle = Automatic;
					};
				};
			};
			buildConfigurationList = 591F70391E87C24F003AFCBF /* Build configuration list for PBXProject "Just Do It" */;
			compatibilityVersion = "Xcode 3.2";
			developmentRegion = English;
			hasScannedForEncodings = 0;
			knownRegions = (
				en,
				Base,
			);
			mainGroup = 591F70351E87C24F003AFCBF;
			productRefGroup = 591F703F1E87C24F003AFCBF /* Products */;
			projectDirPath = "";
			projectRoot = "";
			targets = (
				591F703D1E87C24F003AFCBF /* Just Do It */,
			);
		};
/* End PBXProject section */

/* Begin PBXResourcesBuildPhase section */
		591F703C1E87C24F003AFCBF /* Resources */ = {
			isa = PBXResourcesBuildPhase;
			buildActionMask = 2147483647;
			files = (
				591F704F1E87C250003AFCBF /* LaunchScreen.storyboard in Resources */,
				591F704C1E87C250003AFCBF /* Assets.xcassets in Resources */,
				591F70471E87C250003AFCBF /* Main.storyboard in Resources */,
			);
			runOnlyForDeploymentPostprocessing = 0;
		};
/* End PBXResourcesBuildPhase section */

/* Begin PBXSourcesBuildPhase section */
		591F703A1E87C24F003AFCBF /* Sources */ = {
			isa = PBXSourcesBuildPhase;
			buildActionMask = 2147483647;
			files = (
				591F70571E87C89B003AFCBF /* Task.swift in Sources */,
				591F70441E87C24F003AFCBF /* TasksViewController.swift in Sources */,
				59C649271EAA17BB00E99D2D /* CompleteTaskViewController.swift in Sources */,
				591F704A1E87C250003AFCBF /* Just_Do_It.xcdatamodeld in Sources */,
				591F70421E87C24F003AFCBF /* AppDelegate.swift in Sources */,
				59B63EB41E87D5C200A4F3A8 /* CreateTaskViewController.swift in Sources */,
			);
			runOnlyForDeploymentPostprocessing = 0;
		};
/* End PBXSourcesBuildPhase section */

/* Begin PBXVariantGroup section */
		591F70451E87C250003AFCBF /* Main.storyboard */ = {
			isa = PBXVariantGroup;
			children = (
				591F70461E87C250003AFCBF /* Base */,
			);
			name = Main.storyboard;
			sourceTree = "<group>";
		};
		591F704D1E87C250003AFCBF /* LaunchScreen.storyboard */ = {
			isa = PBXVariantGroup;
			children = (
				591F704E1E87C250003AFCBF /* Base */,
			);
			name = LaunchScreen.storyboard;
			sourceTree = "<group>";
		};
/* End PBXVariantGroup section */

/* Begin XCBuildConfiguration section */
		591F70511E87C250003AFCBF /* Debug */ = {
			isa = XCBuildConfiguration;
			buildSettings = {
				ALWAYS_SEARCH_USER_PATHS = NO;
				CLANG_ANALYZER_NONNULL = YES;
				CLANG_CXX_LANGUAGE_STANDARD = "gnu++0x";
				CLANG_CXX_LIBRARY = "libc++";
				CLANG_ENABLE_MODULES = YES;
				CLANG_ENABLE_OBJC_ARC = YES;
				CLANG_WARN_BOOL_CONVERSION = YES;
				CLANG_WARN_CONSTANT_CONVERSION = YES;
				CLANG_WARN_DIRECT_OBJC_ISA_USAGE = YES_ERROR;
				CLANG_WARN_DOCUMENTATION_COMMENTS = YES;
				CLANG_WARN_EMPTY_BODY = YES;
				CLANG_WARN_ENUM_CONVERSION = YES;
				CLANG_WARN_INFINITE_RECURSION = YES;
				CLANG_WARN_INT_CONVERSION = YES;
				CLANG_WARN_OBJC_ROOT_CLASS = YES_ERROR;
				CLANG_WARN_SUSPICIOUS_MOVE = YES;
				CLANG_WARN_UNREACHABLE_CODE = YES;
				CLANG_WARN__DUPLICATE_METHOD_MATCH = YES;
				"CODE_SIGN_IDENTITY[sdk=iphoneos*]" = "iPhone Developer";
				COPY_PHASE_STRIP = NO;
				DEBUG_INFORMATION_FORMAT = dwarf;
				ENABLE_STRICT_OBJC_MSGSEND = YES;
				ENABLE_TESTABILITY = YES;
				GCC_C_LANGUAGE_STANDARD = gnu99;
				GCC_DYNAMIC_NO_PIC = NO;
				GCC_NO_COMMON_BLOCKS = YES;
				GCC_OPTIMIZATION_LEVEL = 0;
				GCC_PREPROCESSOR_DEFINITIONS = (
					"DEBUG=1",
					"$(inherited)",
				);
				GCC_WARN_64_TO_32_BIT_CONVERSION = YES;
				GCC_WARN_ABOUT_RETURN_TYPE = YES_ERROR;
				GCC_WARN_UNDECLARED_SELECTOR = YES;
				GCC_WARN_UNINITIALIZED_AUTOS = YES_AGGRESSIVE;
				GCC_WARN_UNUSED_FUNCTION = YES;
				GCC_WARN_UNUSED_VARIABLE = YES;
				IPHONEOS_DEPLOYMENT_TARGET = 10.2;
				MTL_ENABLE_DEBUG_INFO = YES;
				ONLY_ACTIVE_ARCH = YES;
				SDKROOT = iphoneos;
				SWIFT_ACTIVE_COMPILATION_CONDITIONS = DEBUG;
				SWIFT_OPTIMIZATION_LEVEL = "-Onone";
			};
			name = Debug;
		};
		591F70521E87C250003AFCBF /* Release */ = {
			isa = XCBuildConfiguration;
			buildSettings = {
				ALWAYS_SEARCH_USER_PATHS = NO;
				CLANG_ANALYZER_NONNULL = YES;
				CLANG_CXX_LANGUAGE_STANDARD = "gnu++0x";
				CLANG_CXX_LIBRARY = "libc++";
				CLANG_ENABLE_MODULES = YES;
				CLANG_ENABLE_OBJC_ARC = YES;
				CLANG_WARN_BOOL_CONVERSION = YES;
				CLANG_WARN_CONSTANT_CONVERSION = YES;
				CLANG_WARN_DIRECT_OBJC_ISA_USAGE = YES_ERROR;
				CLANG_WARN_DOCUMENTATION_COMMENTS = YES;
				CLANG_WARN_EMPTY_BODY = YES;
				CLANG_WARN_ENUM_CONVERSION = YES;
				CLANG_WARN_INFINITE_RECURSION = YES;
				CLANG_WARN_INT_CONVERSION = YES;
				CLANG_WARN_OBJC_ROOT_CLASS = YES_ERROR;
				CLANG_WARN_SUSPICIOUS_MOVE = YES;
				CLANG_WARN_UNREACHABLE_CODE = YES;
				CLANG_WARN__DUPLICATE_METHOD_MATCH = YES;
				"CODE_SIGN_IDENTITY[sdk=iphoneos*]" = "iPhone Developer";
				COPY_PHASE_STRIP = NO;
				DEBUG_INFORMATION_FORMAT = "dwarf-with-dsym";
				ENABLE_NS_ASSERTIONS = NO;
				ENABLE_STRICT_OBJC_MSGSEND = YES;
				GCC_C_LANGUAGE_STANDARD = gnu99;
				GCC_NO_COMMON_BLOCKS = YES;
				GCC_WARN_64_TO_32_BIT_CONVERSION = YES;
				GCC_WARN_ABOUT_RETURN_TYPE = YES_ERROR;
				GCC_WARN_UNDECLARED_SELECTOR = YES;
				GCC_WARN_UNINITIALIZED_AUTOS = YES_AGGRESSIVE;
				GCC_WARN_UNUSED_FUNCTION = YES;
				GCC_WARN_UNUSED_VARIABLE = YES;
				IPHONEOS_DEPLOYMENT_TARGET = 10.2;
				MTL_ENABLE_DEBUG_INFO = NO;
				SDKROOT = iphoneos;
				SWIFT_OPTIMIZATION_LEVEL = "-Owholemodule";
				VALIDATE_PRODUCT = YES;
			};
			name = Release;
		};
		591F70541E87C250003AFCBF /* Debug */ = {
			isa = XCBuildConfiguration;
			buildSettings = {
				ASSETCATALOG_COMPILER_APPICON_NAME = AppIcon;
				DEVELOPMENT_TEAM = 5KDB6SE87S;
				INFOPLIST_FILE = "Just Do It/Info.plist";
				LD_RUNPATH_SEARCH_PATHS = "$(inherited) @executable_path/Frameworks";
				PRODUCT_BUNDLE_IDENTIFIER = "com.Zed.Just-Do-It";
				PRODUCT_NAME = "$(TARGET_NAME)";
				SWIFT_VERSION = 3.0;
			};
			name = Debug;
		};
		591F70551E87C250003AFCBF /* Release */ = {
			isa = XCBuildConfiguration;
			buildSettings = {
				ASSETCATALOG_COMPILER_APPICON_NAME = AppIcon;
				DEVELOPMENT_TEAM = 5KDB6SE87S;
				INFOPLIST_FILE = "Just Do It/Info.plist";
				LD_RUNPATH_SEARCH_PATHS = "$(inherited) @executable_path/Frameworks";
				PRODUCT_BUNDLE_IDENTIFIER = "com.Zed.Just-Do-It";
				PRODUCT_NAME = "$(TARGET_NAME)";
				SWIFT_VERSION = 3.0;
			};
			name = Release;
		};
/* End XCBuildConfiguration section */

/* Begin XCConfigurationList section */
		591F70391E87C24F003AFCBF /* Build configuration list for PBXProject "Just Do It" */ = {
			isa = XCConfigurationList;
			buildConfigurations = (
				591F70511E87C250003AFCBF /* Debug */,
				591F70521E87C250003AFCBF /* Release */,
			);
			defaultConfigurationIsVisible = 0;
			defaultConfigurationName = Release;
		};
		591F70531E87C250003AFCBF /* Build configuration list for PBXNativeTarget "Just Do It" */ = {
			isa = XCConfigurationList;
			buildConfigurations = (
				591F70541E87C250003AFCBF /* Debug */,
				591F70551E87C250003AFCBF /* Release */,
			);
			defaultConfigurationIsVisible = 0;
			defaultConfigurationName = Release;
		};
/* End XCConfigurationList section */

/* Begin XCVersionGroup section */
		591F70481E87C250003AFCBF /* Just_Do_It.xcdatamodeld */ = {
			isa = XCVersionGroup;
			children = (
				591F70491E87C250003AFCBF /* Just_Do_It.xcdatamodel */,
			);
			currentVersion = 591F70491E87C250003AFCBF /* Just_Do_It.xcdatamodel */;
			path = Just_Do_It.xcdatamodeld;
			sourceTree = "<group>";
			versionGroupType = wrapper.xcdatamodel;
		};
/* End XCVersionGroup section */
	};
	rootObject = 591F70361E87C24F003AFCBF /* Project object */;
}
